
Microsoft Visual Studio Solution File, Format Version 12.00
# Visual Studio 15
VisualStudioVersion = 15.0.26124.0
MinimumVisualStudioVersion = 15.0.26124.0
Project("{FAE04EC0-301F-11D3-BF4B-00C04F79EFBC}") = "tuc.fs.domain", "tuc.fs.domain\tuc.fs.domain.csproj", "{754DCB62-6813-41E0-A458-15FF2B8B87F6}"
EndProject
Project("{FAE04EC0-301F-11D3-BF4B-00C04F79EFBC}") = "tuc.core.domain", "tuc.core.domain\tuc.core.domain.csproj", "{9E2BABA3-1DB5-4187-9D16-946C7B8F5B45}"
EndProject
Global
	GlobalSection(SolutionConfigurationPlatforms) = preSolution
		Debug|Any CPU = Debug|Any CPU
		Debug|x64 = Debug|x64
		Debug|x86 = Debug|x86
		Release|Any CPU = Release|Any CPU
		Release|x64 = Release|x64
		Release|x86 = Release|x86
	EndGlobalSection
	GlobalSection(SolutionProperties) = preSolution
		HideSolutionNode = FALSE
	EndGlobalSection
	GlobalSection(ProjectConfigurationPlatforms) = postSolution
		{754DCB62-6813-41E0-A458-15FF2B8B87F6}.Debug|Any CPU.ActiveCfg = Debug|Any CPU
		{754DCB62-6813-41E0-A458-15FF2B8B87F6}.Debug|Any CPU.Build.0 = Debug|Any CPU
		{754DCB62-6813-41E0-A458-15FF2B8B87F6}.Debug|x64.ActiveCfg = Debug|Any CPU
		{754DCB62-6813-41E0-A458-15FF2B8B87F6}.Debug|x64.Build.0 = Debug|Any CPU
		{754DCB62-6813-41E0-A458-15FF2B8B87F6}.Debug|x86.ActiveCfg = Debug|Any CPU
		{754DCB62-6813-41E0-A458-15FF2B8B87F6}.Debug|x86.Build.0 = Debug|Any CPU
		{754DCB62-6813-41E0-A458-15FF2B8B87F6}.Release|Any CPU.ActiveCfg = Release|Any CPU
		{754DCB62-6813-41E0-A458-15FF2B8B87F6}.Release|Any CPU.Build.0 = Release|Any CPU
		{754DCB62-6813-41E0-A458-15FF2B8B87F6}.Release|x64.ActiveCfg = Release|Any CPU
		{754DCB62-6813-41E0-A458-15FF2B8B87F6}.Release|x64.Build.0 = Release|Any CPU
		{754DCB62-6813-41E0-A458-15FF2B8B87F6}.Release|x86.ActiveCfg = Release|Any CPU
		{754DCB62-6813-41E0-A458-15FF2B8B87F6}.Release|x86.Build.0 = Release|Any CPU
		{9E2BABA3-1DB5-4187-9D16-946C7B8F5B45}.Debug|Any CPU.ActiveCfg = Debug|Any CPU
		{9E2BABA3-1DB5-4187-9D16-946C7B8F5B45}.Debug|Any CPU.Build.0 = Debug|Any CPU
		{9E2BABA3-1DB5-4187-9D16-946C7B8F5B45}.Debug|x64.ActiveCfg = Debug|Any CPU
		{9E2BABA3-1DB5-4187-9D16-946C7B8F5B45}.Debug|x64.Build.0 = Debug|Any CPU
		{9E2BABA3-1DB5-4187-9D16-946C7B8F5B45}.Debug|x86.ActiveCfg = Debug|Any CPU
		{9E2BABA3-1DB5-4187-9D16-946C7B8F5B45}.Debug|x86.Build.0 = Debug|Any CPU
		{9E2BABA3-1DB5-4187-9D16-946C7B8F5B45}.Release|Any CPU.ActiveCfg = Release|Any CPU
		{9E2BABA3-1DB5-4187-9D16-946C7B8F5B45}.Release|Any CPU.Build.0 = Release|Any CPU
		{9E2BABA3-1DB5-4187-9D16-946C7B8F5B45}.Release|x64.ActiveCfg = Release|Any CPU
		{9E2BABA3-1DB5-4187-9D16-946C7B8F5B45}.Release|x64.Build.0 = Release|Any CPU
		{9E2BABA3-1DB5-4187-9D16-946C7B8F5B45}.Release|x86.ActiveCfg = Release|Any CPU
		{9E2BABA3-1DB5-4187-9D16-946C7B8F5B45}.Release|x86.Build.0 = Release|Any CPU
	EndGlobalSection
EndGlobal
